
Microsoft Visual Studio Solution File, Format Version 12.00
# Visual Studio Version 17
VisualStudioVersion = 17.14.36603.0 d17.14
MinimumVisualStudioVersion = 10.0.40219.1
Project("{FAE04EC0-301F-11D3-BF4B-00C04F79EFBC}") = "Editor", "Editor\Editor.csproj", "{47333F09-80C9-481F-A132-A72B82B8698F}"
EndProject
Global
	GlobalSection(SolutionConfigurationPlatforms) = preSolution
		Debug|Any CPU = Debug|Any CPU
		Release|Any CPU = Release|Any CPU
	EndGlobalSection
	GlobalSection(ProjectConfigurationPlatforms) = postSolution
		{47333F09-80C9-481F-A132-A72B82B8698F}.Debug|Any CPU.ActiveCfg = Debug|Any CPU
		{47333F09-80C9-481F-A132-A72B82B8698F}.Debug|Any CPU.Build.0 = Debug|Any CPU
		{47333F09-80C9-481F-A132-A72B82B8698F}.Release|Any CPU.ActiveCfg = Release|Any CPU
		{47333F09-80C9-481F-A132-A72B82B8698F}.Release|Any CPU.Build.0 = Release|Any CPU
	EndGlobalSection
	GlobalSection(SolutionProperties) = preSolution
		HideSolutionNode = FALSE
	EndGlobalSection
	GlobalSection(ExtensibilityGlobals) = postSolution
		SolutionGuid = {0E21D185-9D13-4CB3-9359-9A2675ADC52B}
	EndGlobalSection
EndGlobal
